
Microsoft Visual Studio Solution File, Format Version 12.00
# Visual Studio Version 17
VisualStudioVersion = 17.4.33213.308
MinimumVisualStudioVersion = 10.0.40219.1
Project("{FAE04EC0-301F-11D3-BF4B-00C04F79EFBC}") = "HotelReservation", "HotelReservation.csproj", "{91A8769A-962A-4B9D-812F-BE71EF3ECA1E}"
EndProject
Global
	GlobalSection(SolutionConfigurationPlatforms) = preSolution
		Debug|Any CPU = Debug|Any CPU
		Release|Any CPU = Release|Any CPU
	EndGlobalSection
	GlobalSection(ProjectConfigurationPlatforms) = postSolution
		{91A8769A-962A-4B9D-812F-BE71EF3ECA1E}.Debug|Any CPU.ActiveCfg = Debug|Any CPU
		{91A8769A-962A-4B9D-812F-BE71EF3ECA1E}.Debug|Any CPU.Build.0 = Debug|Any CPU
		{91A8769A-962A-4B9D-812F-BE71EF3ECA1E}.Release|Any CPU.ActiveCfg = Release|Any CPU
		{91A8769A-962A-4B9D-812F-BE71EF3ECA1E}.Release|Any CPU.Build.0 = Release|Any CPU
	EndGlobalSection
	GlobalSection(SolutionProperties) = preSolution
		HideSolutionNode = FALSE
	EndGlobalSection
	GlobalSection(ExtensibilityGlobals) = postSolution
		SolutionGuid = {98EB2219-08C8-48D7-8054-16258869E803}
	EndGlobalSection
EndGlobal
